
Microsoft Visual Studio Solution File, Format Version 12.00
# Visual Studio Version 16
VisualStudioVersion = 16.0.30611.23
MinimumVisualStudioVersion = 10.0.40219.1
Project("{F184B08F-C81C-45F6-A57F-5ABD9991F28F}") = "Project", "Project.vbproj", "{C9234076-39A1-4356-8E64-1A450FE7F7E2}"
EndProject
Global
	GlobalSection(SolutionConfigurationPlatforms) = preSolution
		Debug|Any CPU = Debug|Any CPU
		Release|Any CPU = Release|Any CPU
	EndGlobalSection
	GlobalSection(ProjectConfigurationPlatforms) = postSolution
		{C9234076-39A1-4356-8E64-1A450FE7F7E2}.Debug|Any CPU.ActiveCfg = Debug|Any CPU
		{C9234076-39A1-4356-8E64-1A450FE7F7E2}.Debug|Any CPU.Build.0 = Debug|Any CPU
		{C9234076-39A1-4356-8E64-1A450FE7F7E2}.Release|Any CPU.ActiveCfg = Release|Any CPU
		{C9234076-39A1-4356-8E64-1A450FE7F7E2}.Release|Any CPU.Build.0 = Release|Any CPU
	EndGlobalSection
	GlobalSection(SolutionProperties) = preSolution
		HideSolutionNode = FALSE
	EndGlobalSection
	GlobalSection(ExtensibilityGlobals) = postSolution
		SolutionGuid = {B894B865-A6BB-4564-B57D-842BC737F01E}
	EndGlobalSection
EndGlobal
